
Microsoft Visual Studio Solution File, Format Version 12.00
# Visual Studio Version 16
VisualStudioVersion = 25.0.1703.0
MinimumVisualStudioVersion = 10.0.40219.1
Project("{FAE04EC0-301F-11D3-BF4B-00C04F79EFBC}") = "YouStream", "YouStream\YouStream.csproj", "{A56FAF40-FFE1-444D-8DB7-3A5A9DB34FD0}"
EndProject
Project("{FAE04EC0-301F-11D3-BF4B-00C04F79EFBC}") = "YouStream.Test", "YouStream.Test\YouStream.Test.csproj", "{F01822F7-F11A-43B7-8379-4F4672D01B5C}"
EndProject
Global
	GlobalSection(SolutionConfigurationPlatforms) = preSolution
		Debug|Any CPU = Debug|Any CPU
		Release|Any CPU = Release|Any CPU
	EndGlobalSection
	GlobalSection(ProjectConfigurationPlatforms) = postSolution
		{A56FAF40-FFE1-444D-8DB7-3A5A9DB34FD0}.Debug|Any CPU.ActiveCfg = Debug|Any CPU
		{A56FAF40-FFE1-444D-8DB7-3A5A9DB34FD0}.Debug|Any CPU.Build.0 = Debug|Any CPU
		{A56FAF40-FFE1-444D-8DB7-3A5A9DB34FD0}.Release|Any CPU.ActiveCfg = Release|Any CPU
		{A56FAF40-FFE1-444D-8DB7-3A5A9DB34FD0}.Release|Any CPU.Build.0 = Release|Any CPU
		{F01822F7-F11A-43B7-8379-4F4672D01B5C}.Debug|Any CPU.ActiveCfg = Debug|Any CPU
		{F01822F7-F11A-43B7-8379-4F4672D01B5C}.Debug|Any CPU.Build.0 = Debug|Any CPU
		{F01822F7-F11A-43B7-8379-4F4672D01B5C}.Release|Any CPU.ActiveCfg = Release|Any CPU
		{F01822F7-F11A-43B7-8379-4F4672D01B5C}.Release|Any CPU.Build.0 = Release|Any CPU
	EndGlobalSection
	GlobalSection(SolutionProperties) = preSolution
		HideSolutionNode = FALSE
	EndGlobalSection
	GlobalSection(ExtensibilityGlobals) = postSolution
		SolutionGuid = {641C30FF-81FE-48BF-A222-C10D4CFEB42C}
	EndGlobalSection
EndGlobal
